
Microsoft Visual Studio Solution File, Format Version 12.00
# Visual Studio Version 17
VisualStudioVersion = 17.7.34221.43
MinimumVisualStudioVersion = 10.0.40219.1
Project("{FAE04EC0-301F-11D3-BF4B-00C04F79EFBC}") = "Indexer-Exceptions", "Indexer-Exceptions\Indexer-Exceptions.csproj", "{4A658B5E-8976-4AC7-9FFF-1B9C134709DA}"
EndProject
Global
	GlobalSection(SolutionConfigurationPlatforms) = preSolution
		Debug|Any CPU = Debug|Any CPU
		Release|Any CPU = Release|Any CPU
	EndGlobalSection
	GlobalSection(ProjectConfigurationPlatforms) = postSolution
		{4A658B5E-8976-4AC7-9FFF-1B9C134709DA}.Debug|Any CPU.ActiveCfg = Debug|Any CPU
		{4A658B5E-8976-4AC7-9FFF-1B9C134709DA}.Debug|Any CPU.Build.0 = Debug|Any CPU
		{4A658B5E-8976-4AC7-9FFF-1B9C134709DA}.Release|Any CPU.ActiveCfg = Release|Any CPU
		{4A658B5E-8976-4AC7-9FFF-1B9C134709DA}.Release|Any CPU.Build.0 = Release|Any CPU
	EndGlobalSection
	GlobalSection(SolutionProperties) = preSolution
		HideSolutionNode = FALSE
	EndGlobalSection
	GlobalSection(ExtensibilityGlobals) = postSolution
		SolutionGuid = {E1F76BFC-8142-47AC-94F8-05AF939FC901}
	EndGlobalSection
EndGlobal
